
Microsoft Visual Studio Solution File, Format Version 12.00
# Visual Studio 2013
VisualStudioVersion = 12.0.21005.1
MinimumVisualStudioVersion = 10.0.40219.1
Project("{FAE04EC0-301F-11D3-BF4B-00C04F79EFBC}") = "Tabeeb", "Tabeeb\Tabeeb.csproj", "{DEFABC5A-0C67-478C-AC02-DF86A008E71B}"
EndProject
Global
	GlobalSection(SolutionConfigurationPlatforms) = preSolution
		Debug|Any CPU = Debug|Any CPU
		Release|Any CPU = Release|Any CPU
	EndGlobalSection
	GlobalSection(ProjectConfigurationPlatforms) = postSolution
		{DEFABC5A-0C67-478C-AC02-DF86A008E71B}.Debug|Any CPU.ActiveCfg = Debug|Any CPU
		{DEFABC5A-0C67-478C-AC02-DF86A008E71B}.Debug|Any CPU.Build.0 = Debug|Any CPU
		{DEFABC5A-0C67-478C-AC02-DF86A008E71B}.Release|Any CPU.ActiveCfg = Release|Any CPU
		{DEFABC5A-0C67-478C-AC02-DF86A008E71B}.Release|Any CPU.Build.0 = Release|Any CPU
	EndGlobalSection
	GlobalSection(SolutionProperties) = preSolution
		HideSolutionNode = FALSE
	EndGlobalSection
EndGlobal
